
Microsoft Visual Studio Solution File, Format Version 12.00
# Visual Studio Version 16
VisualStudioVersion = 16.0.30907.101
MinimumVisualStudioVersion = 10.0.40219.1
Project("{FAE04EC0-301F-11D3-BF4B-00C04F79EFBC}") = "TimeTrackerProgrammClient", "TimeTrackerProgrammClient\TimeTrackerProgrammClient.csproj", "{1238E189-960F-4B81-AFE0-FDD89BE05931}"
EndProject
Global
	GlobalSection(SolutionConfigurationPlatforms) = preSolution
		Debug|Any CPU = Debug|Any CPU
		Release|Any CPU = Release|Any CPU
	EndGlobalSection
	GlobalSection(ProjectConfigurationPlatforms) = postSolution
		{1238E189-960F-4B81-AFE0-FDD89BE05931}.Debug|Any CPU.ActiveCfg = Debug|Any CPU
		{1238E189-960F-4B81-AFE0-FDD89BE05931}.Debug|Any CPU.Build.0 = Debug|Any CPU
		{1238E189-960F-4B81-AFE0-FDD89BE05931}.Release|Any CPU.ActiveCfg = Release|Any CPU
		{1238E189-960F-4B81-AFE0-FDD89BE05931}.Release|Any CPU.Build.0 = Release|Any CPU
	EndGlobalSection
	GlobalSection(SolutionProperties) = preSolution
		HideSolutionNode = FALSE
	EndGlobalSection
	GlobalSection(ExtensibilityGlobals) = postSolution
		SolutionGuid = {751173E5-4EA1-4E98-BBDF-4657A0A37F46}
	EndGlobalSection
EndGlobal
